<?xml version="1.0" encoding="utf-8"?>
<Project ToolsVersion="4.0" xmlns="http://schemas.microsoft.com/developer/msbuild/2003">
  <ItemGroup>
    <Filter Include="Source Files">
      <UniqueIdentifier>{4FC737F1-C7A5-4376-A066-2A32D752A2FF}</UniqueIdentifier>
      <Extensions>cpp;c;cc;cxx;def;odl;idl;hpj;bat;asm;asmx</Extensions>
    </Filter>
    <Filter Include="Header Files">
      <UniqueIdentifier>{93995380-89BD-4b04-88EB-625FBE52EBFB}</UniqueIdentifier>
      <Extensions>h;hh;hpp;hxx;hm;inl;inc;ipp;xsd</Extensions>
    </Filter>
    <Filter Include="Resource Files">
      <UniqueIdentifier>{67DA6AB6-F800-4c08-8B7A-83BB121AAD01}</UniqueIdentifier>
      <Extensions>rc;ico;cur;bmp;dlg;rc2;rct;bin;rgs;gif;jpg;jpeg;jpe;resx;tiff;tif;png;wav;mfcribbon-ms</Extensions>
    </Filter>
  </ItemGroup>
  <ItemGroup>
    <ClCompile Include="..\..\..\src\black_hole.cpp">
      <Filter>Source Files</Filter>
    </ClCompile>
    <ClCompile Include="..\..\..\src\main.cpp">
      <Filter>Source Files</Filter>
    </ClCompile>
    <ClCompile Include="..\..\..\src\manager.cpp">
      <Filter>Source Files</Filter>
    </ClCompile>
    <ClCompile Include="..\..\..\src\resume.cpp">
      <Filter>Source Files</Filter>
    </ClCompile>
    <ClCompile Include="..\..\..\src\bullet.cpp">
      <Filter>Source Files</Filter>
    </ClCompile>
    <ClCompile Include="..\..\..\src\interviewer.cpp">
      <Filter>Source Files</Filter>
    </ClCompile>
    <ClCompile Include="..\..\..\src\meter.cpp">
      <Filter>Source Files</Filter>
    </ClCompile>
    <ClCompile Include="..\..\..\src\star.cpp">
      <Filter>Source Files</Filter>
    </ClCompile>
    <ClCompile Include="..\..\..\src\vec2.cpp">
      <Filter>Source Files</Filter>
    </ClCompile>
  </ItemGroup>
  <ItemGroup>
    <Image Include="..\..\..\src\businessman.bmp">
      <Filter>Resource Files</Filter>
    </Image>
    <Image Include="..\..\..\src\businessman.png">
      <Filter>Resource Files</Filter>
    </Image>
    <Image Include="..\..\..\resources\black-hole.png">
      <Filter>Resource Files</Filter>
    </Image>
    <Image Include="..\..\..\resources\black-hole-mirrored.png">
      <Filter>Resource Files</Filter>
    </Image>
    <Image Include="..\..\..\resources\interviewer.png">
      <Filter>Resource Files</Filter>
    </Image>
    <Image Include="..\..\..\resources\interviewer_mirrored.png">
      <Filter>Resource Files</Filter>
    </Image>
    <Image Include="..\..\..\resources\JSS-cover-img.png">
      <Filter>Resource Files</Filter>
    </Image>
    <Image Include="..\..\..\resources\manager_desk.png">
      <Filter>Resource Files</Filter>
    </Image>
    <Image Include="..\..\..\resources\resume.png">
      <Filter>Resource Files</Filter>
    </Image>
    <Image Include="..\..\..\resources\rocket-boost-frame-0.png">
      <Filter>Resource Files</Filter>
    </Image>
    <Image Include="..\..\..\resources\rocket-boost-frame-1.png">
      <Filter>Resource Files</Filter>
    </Image>
    <Image Include="..\..\..\resources\rocket-boost-frame-2.png">
      <Filter>Resource Files</Filter>
    </Image>
    <Image Include="..\..\..\resources\rocket-boost-frame-3.png">
      <Filter>Resource Files</Filter>
    </Image>
    <Image Include="..\..\..\resources\rocket-boost-frame-4.png">
      <Filter>Resource Files</Filter>
    </Image>
    <Image Include="..\..\..\resources\star-frame-0.png">
      <Filter>Resource Files</Filter>
    </Image>
    <Image Include="..\..\..\resources\star-frame-1.png">
      <Filter>Resource Files</Filter>
    </Image>
    <Image Include="..\..\..\resources\star-frame-2.png">
      <Filter>Resource Files</Filter>
    </Image>
  </ItemGroup>
  <ItemGroup>
    <ClInclude Include="..\..\..\inc\black_hole.hpp">
      <Filter>Header Files</Filter>
    </ClInclude>
    <ClInclude Include="..\..\..\inc\entity.hpp">
      <Filter>Header Files</Filter>
    </ClInclude>
    <ClInclude Include="..\..\..\inc\manager.hpp">
      <Filter>Header Files</Filter>
    </ClInclude>
    <ClInclude Include="..\..\..\inc\resume.hpp">
      <Filter>Header Files</Filter>
    </ClInclude>
    <ClInclude Include="..\..\..\inc\bullet.hpp">
      <Filter>Header Files</Filter>
    </ClInclude>
    <ClInclude Include="..\..\..\inc\globals.hpp">
      <Filter>Header Files</Filter>
    </ClInclude>
    <ClInclude Include="..\..\..\inc\interviewer.hpp">
      <Filter>Header Files</Filter>
    </ClInclude>
    <ClInclude Include="..\..\..\inc\meter.hpp">
      <Filter>Header Files</Filter>
    </ClInclude>
    <ClInclude Include="..\..\..\inc\star.hpp">
      <Filter>Header Files</Filter>
    </ClInclude>
    <ClInclude Include="..\..\..\inc\vec2.hpp">
      <Filter>Header Files</Filter>
    </ClInclude>
  </ItemGroup>
  <ItemGroup>
    <None Include="packages.config" />
    <None Include="..\..\..\resources\user_settings">
      <Filter>Resource Files</Filter>
    </None>
  </ItemGroup>
  <ItemGroup>
    <Font Include="..\..\..\resources\Comfortaa\Comfortaa-VariableFont_wght.ttf">
      <Filter>Resource Files</Filter>
    </Font>
  </ItemGroup>
</Project>